
Microsoft Visual Studio Solution File, Format Version 12.00
# Visual Studio Version 17
VisualStudioVersion = 17.8.34330.188
MinimumVisualStudioVersion = 10.0.40219.1
Project("{FAE04EC0-301F-11D3-BF4B-00C04F79EFBC}") = "UsersCreation", "UsersCreation\UsersCreation.csproj", "{BDB616C6-819B-4DB9-9115-4D12AF5C33C3}"
EndProject
Global
	GlobalSection(SolutionConfigurationPlatforms) = preSolution
		Debug|Any CPU = Debug|Any CPU
		Release|Any CPU = Release|Any CPU
	EndGlobalSection
	GlobalSection(ProjectConfigurationPlatforms) = postSolution
		{BDB616C6-819B-4DB9-9115-4D12AF5C33C3}.Debug|Any CPU.ActiveCfg = Debug|Any CPU
		{BDB616C6-819B-4DB9-9115-4D12AF5C33C3}.Debug|Any CPU.Build.0 = Debug|Any CPU
		{BDB616C6-819B-4DB9-9115-4D12AF5C33C3}.Release|Any CPU.ActiveCfg = Release|Any CPU
		{BDB616C6-819B-4DB9-9115-4D12AF5C33C3}.Release|Any CPU.Build.0 = Release|Any CPU
	EndGlobalSection
	GlobalSection(SolutionProperties) = preSolution
		HideSolutionNode = FALSE
	EndGlobalSection
	GlobalSection(ExtensibilityGlobals) = postSolution
		SolutionGuid = {2DD64C7C-A6B3-4C9B-B299-D5DF6324D841}
	EndGlobalSection
EndGlobal
